
Microsoft Visual Studio Solution File, Format Version 12.00
# Visual Studio 14
VisualStudioVersion = 14.0.24720.0
MinimumVisualStudioVersion = 10.0.40219.1
Project("{FAE04EC0-301F-11D3-BF4B-00C04F79EFBC}") = "Task1.Tasks", "Task1.Tasks\Task1.Tasks.csproj", "{BB81FCA8-C12C-44F3-B455-6B25BD0E50CD}"
EndProject
Project("{FAE04EC0-301F-11D3-BF4B-00C04F79EFBC}") = "Task1.Tests", "Task1.Tests\Task1.Tests.csproj", "{39A8BCB0-BB1B-4763-ACAB-7E5FC1C26FD0}"
EndProject
Global
	GlobalSection(SolutionConfigurationPlatforms) = preSolution
		Debug|Any CPU = Debug|Any CPU
		Release|Any CPU = Release|Any CPU
	EndGlobalSection
	GlobalSection(ProjectConfigurationPlatforms) = postSolution
		{BB81FCA8-C12C-44F3-B455-6B25BD0E50CD}.Debug|Any CPU.ActiveCfg = Debug|Any CPU
		{BB81FCA8-C12C-44F3-B455-6B25BD0E50CD}.Debug|Any CPU.Build.0 = Debug|Any CPU
		{BB81FCA8-C12C-44F3-B455-6B25BD0E50CD}.Release|Any CPU.ActiveCfg = Release|Any CPU
		{BB81FCA8-C12C-44F3-B455-6B25BD0E50CD}.Release|Any CPU.Build.0 = Release|Any CPU
		{39A8BCB0-BB1B-4763-ACAB-7E5FC1C26FD0}.Debug|Any CPU.ActiveCfg = Debug|Any CPU
		{39A8BCB0-BB1B-4763-ACAB-7E5FC1C26FD0}.Debug|Any CPU.Build.0 = Debug|Any CPU
		{39A8BCB0-BB1B-4763-ACAB-7E5FC1C26FD0}.Release|Any CPU.ActiveCfg = Release|Any CPU
		{39A8BCB0-BB1B-4763-ACAB-7E5FC1C26FD0}.Release|Any CPU.Build.0 = Release|Any CPU
	EndGlobalSection
	GlobalSection(SolutionProperties) = preSolution
		HideSolutionNode = FALSE
	EndGlobalSection
EndGlobal
